
Microsoft Visual Studio Solution File, Format Version 12.00
# Visual Studio Version 17
VisualStudioVersion = 17.6.33829.357
MinimumVisualStudioVersion = 10.0.40219.1
Project("{FAE04EC0-301F-11D3-BF4B-00C04F79EFBC}") = "Ejemplo codigo profesores", "Ejemplo codigo profesores.csproj", "{63003ABB-AFFE-4812-9F7F-101D0134F605}"
EndProject
Global
	GlobalSection(SolutionConfigurationPlatforms) = preSolution
		Debug|Any CPU = Debug|Any CPU
		Release|Any CPU = Release|Any CPU
	EndGlobalSection
	GlobalSection(ProjectConfigurationPlatforms) = postSolution
		{63003ABB-AFFE-4812-9F7F-101D0134F605}.Debug|Any CPU.ActiveCfg = Debug|Any CPU
		{63003ABB-AFFE-4812-9F7F-101D0134F605}.Debug|Any CPU.Build.0 = Debug|Any CPU
		{63003ABB-AFFE-4812-9F7F-101D0134F605}.Release|Any CPU.ActiveCfg = Release|Any CPU
		{63003ABB-AFFE-4812-9F7F-101D0134F605}.Release|Any CPU.Build.0 = Release|Any CPU
	EndGlobalSection
	GlobalSection(SolutionProperties) = preSolution
		HideSolutionNode = FALSE
	EndGlobalSection
	GlobalSection(ExtensibilityGlobals) = postSolution
		SolutionGuid = {F3BE6107-86E4-477D-9883-B44569C1C241}
	EndGlobalSection
EndGlobal
